// !$*UTF8*$!
{
	archiveVersion = 1;
	classes = {
	};
	objectVersion = 46;
	objects = {

/* Begin PBXBuildFile section */
		1294FCEB1A87E7DA00749296 /* AppDelegate.swift in Sources */ = {isa = PBXBuildFile; fileRef = 1294FCEA1A87E7DA00749296 /* AppDelegate.swift */; };
		1294FCF01A87E7DA00749296 /* Main.storyboard in Resources */ = {isa = PBXBuildFile; fileRef = 1294FCEE1A87E7DA00749296 /* Main.storyboard */; };
		1294FCF21A87E7DA00749296 /* Images.xcassets in Resources */ = {isa = PBXBuildFile; fileRef = 1294FCF11A87E7DA00749296 /* Images.xcassets */; };
		1294FCF51A87E7DA00749296 /* LaunchScreen.xib in Resources */ = {isa = PBXBuildFile; fileRef = 1294FCF31A87E7DA00749296 /* LaunchScreen.xib */; };
		1294FD011A87E7DA00749296 /* TabBarDemoTests.swift in Sources */ = {isa = PBXBuildFile; fileRef = 1294FD001A87E7DA00749296 /* TabBarDemoTests.swift */; };
		1294FD0B1A87ECFF00749296 /* MarioViewController.swift in Sources */ = {isa = PBXBuildFile; fileRef = 1294FD0A1A87ECFF00749296 /* MarioViewController.swift */; };
/* End PBXBuildFile section */

/* Begin PBXContainerItemProxy section */
		1294FCFB1A87E7DA00749296 /* PBXContainerItemProxy */ = {
			isa = PBXContainerItemProxy;
			containerPortal = 1294FCDD1A87E7DA00749296 /* Project object */;
			proxyType = 1;
			remoteGlobalIDString = 1294FCE41A87E7DA00749296;
			remoteInfo = TabBarDemo;
		};
/* End PBXContainerItemProxy section */

/* Begin PBXFileReference section */
		1294FCE51A87E7DA00749296 /* TabBarDemo.app */ = {isa = PBXFileReference; explicitFileType = wrapper.application; includeInIndex = 0; path = TabBarDemo.app; sourceTree = BUILT_PRODUCTS_DIR; };
		1294FCE91A87E7DA00749296 /* Info.plist */ = {isa = PBXFileReference; lastKnownFileType = text.plist.xml; path = Info.plist; sourceTree = "<group>"; };
		1294FCEA1A87E7DA00749296 /* AppDelegate.swift */ = {isa = PBXFileReference; lastKnownFileType = sourcecode.swift; path = AppDelegate.swift; sourceTree = "<group>"; };
		1294FCEF1A87E7DA00749296 /* Base */ = {isa = PBXFileReference; lastKnownFileType = file.storyboard; name = Base; path = Base.lproj/Main.storyboard; sourceTree = "<group>"; };
		1294FCF11A87E7DA00749296 /* Images.xcassets */ = {isa = PBXFileReference; lastKnownFileType = folder.assetcatalog; path = Images.xcassets; sourceTree = "<group>"; };
		1294FCF41A87E7DA00749296 /* Base */ = {isa = PBXFileReference; lastKnownFileType = file.xib; name = Base; path = Base.lproj/LaunchScreen.xib; sourceTree = "<group>"; };
		1294FCFA1A87E7DA00749296 /* TabBarDemoTests.xctest */ = {isa = PBXFileReference; explicitFileType = wrapper.cfbundle; includeInIndex = 0; path = TabBarDemoTests.xctest; sourceTree = BUILT_PRODUCTS_DIR; };
		1294FCFF1A87E7DA00749296 /* Info.plist */ = {isa = PBXFileReference; lastKnownFileType = text.plist.xml; path = Info.plist; sourceTree = "<group>"; };
		1294FD001A87E7DA00749296 /* TabBarDemoTests.swift */ = {isa = PBXFileReference; lastKnownFileType = sourcecode.swift; path = TabBarDemoTests.swift; sourceTree = "<group>"; };
		1294FD0A1A87ECFF00749296 /* MarioViewController.swift */ = {isa = PBXFileReference; fileEncoding = 4; lastKnownFileType = sourcecode.swift; path = MarioViewController.swift; sourceTree = "<group>"; };
/* End PBXFileReference section */

/* Begin PBXFrameworksBuildPhase section */
		1294FCE21A87E7DA00749296 /* Frameworks */ = {
			isa = PBXFrameworksBuildPhase;
			buildActionMask = 2147483647;
			files = (
			);
			runOnlyForDeploymentPostprocessing = 0;
		};
		1294FCF71A87E7DA00749296 /* Frameworks */ = {
			isa = PBXFrameworksBuildPhase;
			buildActionMask = 2147483647;
			files = (
			);
			runOnlyForDeploymentPostprocessing = 0;
		};
/* End PBXFrameworksBuildPhase section */

/* Begin PBXGroup section */
		1294FCDC1A87E7DA00749296 = {
			isa = PBXGroup;
			children = (
				1294FCE71A87E7DA00749296 /* TabBarDemo */,
				1294FCFD1A87E7DA00749296 /* TabBarDemoTests */,
				1294FCE61A87E7DA00749296 /* Products */,
			);
			sourceTree = "<group>";
		};
		1294FCE61A87E7DA00749296 /* Products */ = {
			isa = PBXGroup;
			children = (
				1294FCE51A87E7DA00749296 /* TabBarDemo.app */,
				1294FCFA1A87E7DA00749296 /* TabBarDemoTests.xctest */,
			);
			name = Products;
			sourceTree = "<group>";
		};
		1294FCE71A87E7DA00749296 /* TabBarDemo */ = {
			isa = PBXGroup;
			children = (
				1294FCEA1A87E7DA00749296 /* AppDelegate.swift */,
				1294FCEE1A87E7DA00749296 /* Main.storyboard */,
				1294FCF11A87E7DA00749296 /* Images.xcassets */,
				1294FCF31A87E7DA00749296 /* LaunchScreen.xib */,
				1294FCE81A87E7DA00749296 /* Supporting Files */,
				1294FD0A1A87ECFF00749296 /* MarioViewController.swift */,
			);
			path = TabBarDemo;
			sourceTree = "<group>";
		};
		1294FCE81A87E7DA00749296 /* Supporting Files */ = {
			isa = PBXGroup;
			children = (
				1294FCE91A87E7DA00749296 /* Info.plist */,
			);
			name = "Supporting Files";
			sourceTree = "<group>";
		};
		1294FCFD1A87E7DA00749296 /* TabBarDemoTests */ = {
			isa = PBXGroup;
			children = (
				1294FD001A87E7DA00749296 /* TabBarDemoTests.swift */,
				1294FCFE1A87E7DA00749296 /* Supporting Files */,
			);
			path = TabBarDemoTests;
			sourceTree = "<group>";
		};
		1294FCFE1A87E7DA00749296 /* Supporting Files */ = {
			isa = PBXGroup;
			children = (
				1294FCFF1A87E7DA00749296 /* Info.plist */,
			);
			name = "Supporting Files";
			sourceTree = "<group>";
		};
/* End PBXGroup section */

/* Begin PBXNativeTarget section */
		1294FCE41A87E7DA00749296 /* TabBarDemo */ = {
			isa = PBXNativeTarget;
			buildConfigurationList = 1294FD041A87E7DA00749296 /* Build configuration list for PBXNativeTarget "TabBarDemo" */;
			buildPhases = (
				1294FCE11A87E7DA00749296 /* Sources */,
				1294FCE21A87E7DA00749296 /* Frameworks */,
				1294FCE31A87E7DA00749296 /* Resources */,
			);
			buildRules = (
			);
			dependencies = (
			);
			name = TabBarDemo;
			productName = TabBarDemo;
			productReference = 1294FCE51A87E7DA00749296 /* TabBarDemo.app */;
			productType = "com.apple.product-type.application";
		};
		1294FCF91A87E7DA00749296 /* TabBarDemoTests */ = {
			isa = PBXNativeTarget;
			buildConfigurationList = 1294FD071A87E7DA00749296 /* Build configuration list for PBXNativeTarget "TabBarDemoTests" */;
			buildPhases = (
				1294FCF61A87E7DA00749296 /* Sources */,
				1294FCF71A87E7DA00749296 /* Frameworks */,
				1294FCF81A87E7DA00749296 /* Resources */,
			);
			buildRules = (
			);
			dependencies = (
				1294FCFC1A87E7DA00749296 /* PBXTargetDependency */,
			);
			name = TabBarDemoTests;
			productName = TabBarDemoTests;
			productReference = 1294FCFA1A87E7DA00749296 /* TabBarDemoTests.xctest */;
			productType = "com.apple.product-type.bundle.unit-test";
		};
/* End PBXNativeTarget section */

/* Begin PBXProject section */
		1294FCDD1A87E7DA00749296 /* Project object */ = {
			isa = PBXProject;
			attributes = {
				LastUpgradeCheck = 0610;
				ORGANIZATIONNAME = "Alexandra Hoefinger";
				TargetAttributes = {
					1294FCE41A87E7DA00749296 = {
						CreatedOnToolsVersion = 6.1;
					};
					1294FCF91A87E7DA00749296 = {
						CreatedOnToolsVersion = 6.1;
						TestTargetID = 1294FCE41A87E7DA00749296;
					};
				};
			};
			buildConfigurationList = 1294FCE01A87E7DA00749296 /* Build configuration list for PBXProject "TabBarDemo" */;
			compatibilityVersion = "Xcode 3.2";
			developmentRegion = English;
			hasScannedForEncodings = 0;
			knownRegions = (
				en,
				Base,
			);
			mainGroup = 1294FCDC1A87E7DA00749296;
			productRefGroup = 1294FCE61A87E7DA00749296 /* Products */;
			projectDirPath = "";
			projectRoot = "";
			targets = (
				1294FCE41A87E7DA00749296 /* TabBarDemo */,
				1294FCF91A87E7DA00749296 /* TabBarDemoTests */,
			);
		};
/* End PBXProject section */

/* Begin PBXResourcesBuildPhase section */
		1294FCE31A87E7DA00749296 /* Resources */ = {
			isa = PBXResourcesBuildPhase;
			buildActionMask = 2147483647;
			files = (
				1294FCF01A87E7DA00749296 /* Main.storyboard in Resources */,
				1294FCF51A87E7DA00749296 /* LaunchScreen.xib in Resources */,
				1294FCF21A87E7DA00749296 /* Images.xcassets in Resources */,
			);
			runOnlyForDeploymentPostprocessing = 0;
		};
		1294FCF81A87E7DA00749296 /* Resources */ = {
			isa = PBXResourcesBuildPhase;
			buildActionMask = 2147483647;
			files = (
			);
			runOnlyForDeploymentPostprocessing = 0;
		};
/* End PBXResourcesBuildPhase section */

/* Begin PBXSourcesBuildPhase section */
		1294FCE11A87E7DA00749296 /* Sources */ = {
			isa = PBXSourcesBuildPhase;
			buildActionMask = 2147483647;
			files = (
				1294FCEB1A87E7DA00749296 /* AppDelegate.swift in Sources */,
				1294FD0B1A87ECFF00749296 /* MarioViewController.swift in Sources */,
			);
			runOnlyForDeploymentPostprocessing = 0;
		};
		1294FCF61A87E7DA00749296 /* Sources */ = {
			isa = PBXSourcesBuildPhase;
			buildActionMask = 2147483647;
			files = (
				1294FD011A87E7DA00749296 /* TabBarDemoTests.swift in Sources */,
			);
			runOnlyForDeploymentPostprocessing = 0;
		};
/* End PBXSourcesBuildPhase section */

/* Begin PBXTargetDependency section */
		1294FCFC1A87E7DA00749296 /* PBXTargetDependency */ = {
			isa = PBXTargetDependency;
			target = 1294FCE41A87E7DA00749296 /* TabBarDemo */;
			targetProxy = 1294FCFB1A87E7DA00749296 /* PBXContainerItemProxy */;
		};
/* End PBXTargetDependency section */

/* Begin PBXVariantGroup section */
		1294FCEE1A87E7DA00749296 /* Main.storyboard */ = {
			isa = PBXVariantGroup;
			children = (
				1294FCEF1A87E7DA00749296 /* Base */,
			);
			name = Main.storyboard;
			sourceTree = "<group>";
		};
		1294FCF31A87E7DA00749296 /* LaunchScreen.xib */ = {
			isa = PBXVariantGroup;
			children = (
				1294FCF41A87E7DA00749296 /* Base */,
			);
			name = LaunchScreen.xib;
			sourceTree = "<group>";
		};
/* End PBXVariantGroup section */

/* Begin XCBuildConfiguration section */
		1294FD021A87E7DA00749296 /* Debug */ = {
			isa = XCBuildConfiguration;
			buildSettings = {
				ALWAYS_SEARCH_USER_PATHS = NO;
				CLANG_CXX_LANGUAGE_STANDARD = "gnu++0x";
				CLANG_CXX_LIBRARY = "libc++";
				CLANG_ENABLE_MODULES = YES;
				CLANG_ENABLE_OBJC_ARC = YES;
				CLANG_WARN_BOOL_CONVERSION = YES;
				CLANG_WARN_CONSTANT_CONVERSION = YES;
				CLANG_WARN_DIRECT_OBJC_ISA_USAGE = YES_ERROR;
				CLANG_WARN_EMPTY_BODY = YES;
				CLANG_WARN_ENUM_CONVERSION = YES;
				CLANG_WARN_INT_CONVERSION = YES;
				CLANG_WARN_OBJC_ROOT_CLASS = YES_ERROR;
				CLANG_WARN_UNREACHABLE_CODE = YES;
				CLANG_WARN__DUPLICATE_METHOD_MATCH = YES;
				"CODE_SIGN_IDENTITY[sdk=iphoneos*]" = "iPhone Developer";
				COPY_PHASE_STRIP = NO;
				ENABLE_STRICT_OBJC_MSGSEND = YES;
				GCC_C_LANGUAGE_STANDARD = gnu99;
				GCC_DYNAMIC_NO_PIC = NO;
				GCC_OPTIMIZATION_LEVEL = 0;
				GCC_PREPROCESSOR_DEFINITIONS = (
					"DEBUG=1",
					"$(inherited)",
				);
				GCC_SYMBOLS_PRIVATE_EXTERN = NO;
				GCC_WARN_64_TO_32_BIT_CONVERSION = YES;
				GCC_WARN_ABOUT_RETURN_TYPE = YES_ERROR;
				GCC_WARN_UNDECLARED_SELECTOR = YES;
				GCC_WARN_UNINITIALIZED_AUTOS = YES_AGGRESSIVE;
				GCC_WARN_UNUSED_FUNCTION = YES;
				GCC_WARN_UNUSED_VARIABLE = YES;
				IPHONEOS_DEPLOYMENT_TARGET = 8.1;
				MTL_ENABLE_DEBUG_INFO = YES;
				ONLY_ACTIVE_ARCH = YES;
				SDKROOT = iphoneos;
				SWIFT_OPTIMIZATION_LEVEL = "-Onone";
			};
			name = Debug;
		};
		1294FD031A87E7DA00749296 /* Release */ = {
			isa = XCBuildConfiguration;
			buildSettings = {
				ALWAYS_SEARCH_USER_PATHS = NO;
				CLANG_CXX_LANGUAGE_STANDARD = "gnu++0x";
				CLANG_CXX_LIBRARY = "libc++";
				CLANG_ENABLE_MODULES = YES;
				CLANG_ENABLE_OBJC_ARC = YES;
				CLANG_WARN_BOOL_CONVERSION = YES;
				CLANG_WARN_CONSTANT_CONVERSION = YES;
				CLANG_WARN_DIRECT_OBJC_ISA_USAGE = YES_ERROR;
				CLANG_WARN_EMPTY_BODY = YES;
				CLANG_WARN_ENUM_CONVERSION = YES;
				CLANG_WARN_INT_CONVERSION = YES;
				CLANG_WARN_OBJC_ROOT_CLASS = YES_ERROR;
				CLANG_WARN_UNREACHABLE_CODE = YES;
				CLANG_WARN__DUPLICATE_METHOD_MATCH = YES;
				"CODE_SIGN_IDENTITY[sdk=iphoneos*]" = "iPhone Developer";
				COPY_PHASE_STRIP = YES;
				ENABLE_NS_ASSERTIONS = NO;
				ENABLE_STRICT_OBJC_MSGSEND = YES;
				GCC_C_LANGUAGE_STANDARD = gnu99;
				GCC_WARN_64_TO_32_BIT_CONVERSION = YES;
				GCC_WARN_ABOUT_RETURN_TYPE = YES_ERROR;
				GCC_WARN_UNDECLARED_SELECTOR = YES;
				GCC_WARN_UNINITIALIZED_AUTOS = YES_AGGRESSIVE;
				GCC_WARN_UNUSED_FUNCTION = YES;
				GCC_WARN_UNUSED_VARIABLE = YES;
				IPHONEOS_DEPLOYMENT_TARGET = 8.1;
				MTL_ENABLE_DEBUG_INFO = NO;
				SDKROOT = iphoneos;
				VALIDATE_PRODUCT = YES;
			};
			name = Release;
		};
		1294FD051A87E7DA00749296 /* Debug */ = {
			isa = XCBuildConfiguration;
			buildSettings = {
				ASSETCATALOG_COMPILER_APPICON_NAME = AppIcon;
				INFOPLIST_FILE = TabBarDemo/Info.plist;
				LD_RUNPATH_SEARCH_PATHS = "$(inherited) @executable_path/Frameworks";
				PRODUCT_NAME = "$(TARGET_NAME)";
			};
			name = Debug;
		};
		1294FD061A87E7DA00749296 /* Release */ = {
			isa = XCBuildConfiguration;
			buildSettings = {
				ASSETCATALOG_COMPILER_APPICON_NAME = AppIcon;
				INFOPLIST_FILE = TabBarDemo/Info.plist;
				LD_RUNPATH_SEARCH_PATHS = "$(inherited) @executable_path/Frameworks";
				PRODUCT_NAME = "$(TARGET_NAME)";
			};
			name = Release;
		};
		1294FD081A87E7DA00749296 /* Debug */ = {
			isa = XCBuildConfiguration;
			buildSettings = {
				BUNDLE_LOADER = "$(TEST_HOST)";
				FRAMEWORK_SEARCH_PATHS = (
					"$(SDKROOT)/Developer/Library/Frameworks",
					"$(inherited)",
				);
				GCC_PREPROCESSOR_DEFINITIONS = (
					"DEBUG=1",
					"$(inherited)",
				);
				INFOPLIST_FILE = TabBarDemoTests/Info.plist;
				LD_RUNPATH_SEARCH_PATHS = "$(inherited) @executable_path/Frameworks @loader_path/Frameworks";
				PRODUCT_NAME = "$(TARGET_NAME)";
				TEST_HOST = "$(BUILT_PRODUCTS_DIR)/TabBarDemo.app/TabBarDemo";
			};
			name = Debug;
		};
		1294FD091A87E7DA00749296 /* Release */ = {
			isa = XCBuildConfiguration;
			buildSettings = {
				BUNDLE_LOADER = "$(TEST_HOST)";
				FRAMEWORK_SEARCH_PATHS = (
					"$(SDKROOT)/Developer/Library/Frameworks",
					"$(inherited)",
				);
				INFOPLIST_FILE = TabBarDemoTests/Info.plist;
				LD_RUNPATH_SEARCH_PATHS = "$(inherited) @executable_path/Frameworks @loader_path/Frameworks";
				PRODUCT_NAME = "$(TARGET_NAME)";
				TEST_HOST = "$(BUILT_PRODUCTS_DIR)/TabBarDemo.app/TabBarDemo";
			};
			name = Release;
		};
/* End XCBuildConfiguration section */

/* Begin XCConfigurationList section */
		1294FCE01A87E7DA00749296 /* Build configuration list for PBXProject "TabBarDemo" */ = {
			isa = XCConfigurationList;
			buildConfigurations = (
				1294FD021A87E7DA00749296 /* Debug */,
				1294FD031A87E7DA00749296 /* Release */,
			);
			defaultConfigurationIsVisible = 0;
			defaultConfigurationName = Release;
		};
		1294FD041A87E7DA00749296 /* Build configuration list for PBXNativeTarget "TabBarDemo" */ = {
			isa = XCConfigurationList;
			buildConfigurations = (
				1294FD051A87E7DA00749296 /* Debug */,
				1294FD061A87E7DA00749296 /* Release */,
			);
			defaultConfigurationIsVisible = 0;
		};
		1294FD071A87E7DA00749296 /* Build configuration list for PBXNativeTarget "TabBarDemoTests" */ = {
			isa = XCConfigurationList;
			buildConfigurations = (
				1294FD081A87E7DA00749296 /* Debug */,
				1294FD091A87E7DA00749296 /* Release */,
			);
			defaultConfigurationIsVisible = 0;
		};
/* End XCConfigurationList section */
	};
	rootObject = 1294FCDD1A87E7DA00749296 /* Project object */;
}
